
Microsoft Visual Studio Solution File, Format Version 12.00
# Visual Studio Version 17
VisualStudioVersion = 17.11.35222.181
MinimumVisualStudioVersion = 10.0.40219.1
Project("{FAE04EC0-301F-11D3-BF4B-00C04F79EFBC}") = "PCInfo", "PCInfo\PCInfo.csproj", "{5EA1CF2E-8E05-414C-9CC7-A7153D1576E3}"
EndProject
Global
	GlobalSection(SolutionConfigurationPlatforms) = preSolution
		Debug|Any CPU = Debug|Any CPU
		Release|Any CPU = Release|Any CPU
	EndGlobalSection
	GlobalSection(ProjectConfigurationPlatforms) = postSolution
		{5EA1CF2E-8E05-414C-9CC7-A7153D1576E3}.Debug|Any CPU.ActiveCfg = Debug|Any CPU
		{5EA1CF2E-8E05-414C-9CC7-A7153D1576E3}.Debug|Any CPU.Build.0 = Debug|Any CPU
		{5EA1CF2E-8E05-414C-9CC7-A7153D1576E3}.Release|Any CPU.ActiveCfg = Release|Any CPU
		{5EA1CF2E-8E05-414C-9CC7-A7153D1576E3}.Release|Any CPU.Build.0 = Release|Any CPU
	EndGlobalSection
	GlobalSection(SolutionProperties) = preSolution
		HideSolutionNode = FALSE
	EndGlobalSection
	GlobalSection(ExtensibilityGlobals) = postSolution
		SolutionGuid = {B779E1B8-4B50-4A05-9AE3-0FC1C5D253B6}
	EndGlobalSection
EndGlobal
